
Microsoft Visual Studio Solution File, Format Version 12.00
# Visual Studio Version 17
VisualStudioVersion = 17.4.32916.344
MinimumVisualStudioVersion = 10.0.40219.1
Project("{FAE04EC0-301F-11D3-BF4B-00C04F79EFBC}") = "ArrayEvenTotal", "ArrayEvenTotal\ArrayEvenTotal.csproj", "{CBB140A2-D7AD-4878-B142-EA7E466AA4A5}"
EndProject
Global
	GlobalSection(SolutionConfigurationPlatforms) = preSolution
		Debug|Any CPU = Debug|Any CPU
		Release|Any CPU = Release|Any CPU
	EndGlobalSection
	GlobalSection(ProjectConfigurationPlatforms) = postSolution
		{CBB140A2-D7AD-4878-B142-EA7E466AA4A5}.Debug|Any CPU.ActiveCfg = Debug|Any CPU
		{CBB140A2-D7AD-4878-B142-EA7E466AA4A5}.Debug|Any CPU.Build.0 = Debug|Any CPU
		{CBB140A2-D7AD-4878-B142-EA7E466AA4A5}.Release|Any CPU.ActiveCfg = Release|Any CPU
		{CBB140A2-D7AD-4878-B142-EA7E466AA4A5}.Release|Any CPU.Build.0 = Release|Any CPU
	EndGlobalSection
	GlobalSection(SolutionProperties) = preSolution
		HideSolutionNode = FALSE
	EndGlobalSection
	GlobalSection(ExtensibilityGlobals) = postSolution
		SolutionGuid = {51D4D6AE-9E75-4045-8A15-536B41D807C7}
	EndGlobalSection
EndGlobal
